
Microsoft Visual Studio Solution File, Format Version 12.00
# Visual Studio Version 17
VisualStudioVersion = 17.0.31903.59
MinimumVisualStudioVersion = 10.0.40219.1
Project("{2150E333-8FDC-42A3-9474-1A3956D46DE8}") = "src", "src", "{6C4B0A75-78AD-445D-B5EA-40241364C35B}"
EndProject
Project("{FAE04EC0-301F-11D3-BF4B-00C04F79EFBC}") = "Library", "src\Library\Library.csproj", "{B58B2FF0-5D27-4E21-B63A-B51DB268957D}"
EndProject
Project("{FAE04EC0-301F-11D3-BF4B-00C04F79EFBC}") = "Program", "src\Program\Program.csproj", "{62692631-77DA-41C6-9730-1B3107A1AB70}"
EndProject
Project("{2150E333-8FDC-42A3-9474-1A3956D46DE8}") = "test", "test", "{8C8F4706-30FA-4EFA-A54A-5985D8E46991}"
EndProject
Project("{FAE04EC0-301F-11D3-BF4B-00C04F79EFBC}") = "Library.Tests", "test\Library.Tests\Library.Tests.csproj", "{F7F9485E-114F-41BE-AD53-5BE376A2B285}"
EndProject
Global
	GlobalSection(SolutionConfigurationPlatforms) = preSolution
		Debug|Any CPU = Debug|Any CPU
		Release|Any CPU = Release|Any CPU
	EndGlobalSection
	GlobalSection(SolutionProperties) = preSolution
		HideSolutionNode = FALSE
	EndGlobalSection
	GlobalSection(ProjectConfigurationPlatforms) = postSolution
		{B58B2FF0-5D27-4E21-B63A-B51DB268957D}.Debug|Any CPU.ActiveCfg = Debug|Any CPU
		{B58B2FF0-5D27-4E21-B63A-B51DB268957D}.Debug|Any CPU.Build.0 = Debug|Any CPU
		{B58B2FF0-5D27-4E21-B63A-B51DB268957D}.Release|Any CPU.ActiveCfg = Release|Any CPU
		{B58B2FF0-5D27-4E21-B63A-B51DB268957D}.Release|Any CPU.Build.0 = Release|Any CPU
		{62692631-77DA-41C6-9730-1B3107A1AB70}.Debug|Any CPU.ActiveCfg = Debug|Any CPU
		{62692631-77DA-41C6-9730-1B3107A1AB70}.Debug|Any CPU.Build.0 = Debug|Any CPU
		{62692631-77DA-41C6-9730-1B3107A1AB70}.Release|Any CPU.ActiveCfg = Release|Any CPU
		{62692631-77DA-41C6-9730-1B3107A1AB70}.Release|Any CPU.Build.0 = Release|Any CPU
		{F7F9485E-114F-41BE-AD53-5BE376A2B285}.Debug|Any CPU.ActiveCfg = Debug|Any CPU
		{F7F9485E-114F-41BE-AD53-5BE376A2B285}.Debug|Any CPU.Build.0 = Debug|Any CPU
		{F7F9485E-114F-41BE-AD53-5BE376A2B285}.Release|Any CPU.ActiveCfg = Release|Any CPU
		{F7F9485E-114F-41BE-AD53-5BE376A2B285}.Release|Any CPU.Build.0 = Release|Any CPU
	EndGlobalSection
	GlobalSection(NestedProjects) = preSolution
		{B58B2FF0-5D27-4E21-B63A-B51DB268957D} = {6C4B0A75-78AD-445D-B5EA-40241364C35B}
		{62692631-77DA-41C6-9730-1B3107A1AB70} = {6C4B0A75-78AD-445D-B5EA-40241364C35B}
		{F7F9485E-114F-41BE-AD53-5BE376A2B285} = {8C8F4706-30FA-4EFA-A54A-5985D8E46991}
	EndGlobalSection
EndGlobal
