
Microsoft Visual Studio Solution File, Format Version 12.00
# Visual Studio Version 17
VisualStudioVersion = 17.0.31903.59
MinimumVisualStudioVersion = 10.0.40219.1
Project("{2150E333-8FDC-42A3-9474-1A3956D46DE8}") = "src", "src", "{CC63F0D7-DD84-42C2-B117-8F3197F086E9}"
EndProject
Project("{FAE04EC0-301F-11D3-BF4B-00C04F79EFBC}") = "Library", "src\Library\Library.csproj", "{1A596F90-FD60-4C90-9F3D-2E37E18681D2}"
EndProject
Project("{FAE04EC0-301F-11D3-BF4B-00C04F79EFBC}") = "Program", "src\Program\Program.csproj", "{796A6684-3947-4846-9DFA-0A09913588B3}"
EndProject
Project("{2150E333-8FDC-42A3-9474-1A3956D46DE8}") = "test", "test", "{86B17300-1A20-4208-ACD2-DD95F880EB08}"
EndProject
Project("{FAE04EC0-301F-11D3-BF4B-00C04F79EFBC}") = "Library.Tests", "test\Library.Tests\Library.Tests.csproj", "{37F6061A-A39C-4018-BA7E-1E5251555CDF}"
EndProject
Global
	GlobalSection(SolutionConfigurationPlatforms) = preSolution
		Debug|Any CPU = Debug|Any CPU
		Release|Any CPU = Release|Any CPU
	EndGlobalSection
	GlobalSection(SolutionProperties) = preSolution
		HideSolutionNode = FALSE
	EndGlobalSection
	GlobalSection(ProjectConfigurationPlatforms) = postSolution
		{1A596F90-FD60-4C90-9F3D-2E37E18681D2}.Debug|Any CPU.ActiveCfg = Debug|Any CPU
		{1A596F90-FD60-4C90-9F3D-2E37E18681D2}.Debug|Any CPU.Build.0 = Debug|Any CPU
		{1A596F90-FD60-4C90-9F3D-2E37E18681D2}.Release|Any CPU.ActiveCfg = Release|Any CPU
		{1A596F90-FD60-4C90-9F3D-2E37E18681D2}.Release|Any CPU.Build.0 = Release|Any CPU
		{796A6684-3947-4846-9DFA-0A09913588B3}.Debug|Any CPU.ActiveCfg = Debug|Any CPU
		{796A6684-3947-4846-9DFA-0A09913588B3}.Debug|Any CPU.Build.0 = Debug|Any CPU
		{796A6684-3947-4846-9DFA-0A09913588B3}.Release|Any CPU.ActiveCfg = Release|Any CPU
		{796A6684-3947-4846-9DFA-0A09913588B3}.Release|Any CPU.Build.0 = Release|Any CPU
		{37F6061A-A39C-4018-BA7E-1E5251555CDF}.Debug|Any CPU.ActiveCfg = Debug|Any CPU
		{37F6061A-A39C-4018-BA7E-1E5251555CDF}.Debug|Any CPU.Build.0 = Debug|Any CPU
		{37F6061A-A39C-4018-BA7E-1E5251555CDF}.Release|Any CPU.ActiveCfg = Release|Any CPU
		{37F6061A-A39C-4018-BA7E-1E5251555CDF}.Release|Any CPU.Build.0 = Release|Any CPU
	EndGlobalSection
	GlobalSection(NestedProjects) = preSolution
		{1A596F90-FD60-4C90-9F3D-2E37E18681D2} = {CC63F0D7-DD84-42C2-B117-8F3197F086E9}
		{796A6684-3947-4846-9DFA-0A09913588B3} = {CC63F0D7-DD84-42C2-B117-8F3197F086E9}
		{37F6061A-A39C-4018-BA7E-1E5251555CDF} = {86B17300-1A20-4208-ACD2-DD95F880EB08}
	EndGlobalSection
EndGlobal
